
Microsoft Visual Studio Solution File, Format Version 12.00
# Visual Studio 15
VisualStudioVersion = 15.0.27428.2015
MinimumVisualStudioVersion = 10.0.40219.1
Project("{FAE04EC0-301F-11D3-BF4B-00C04F79EFBC}") = "WebApp", "WebApp\WebApp.csproj", "{BBA2B033-00D5-4476-A576-1CD893F98854}"
EndProject
Global
	GlobalSection(SolutionConfigurationPlatforms) = preSolution
		Debug|Any CPU = Debug|Any CPU
		Release|Any CPU = Release|Any CPU
	EndGlobalSection
	GlobalSection(ProjectConfigurationPlatforms) = postSolution
		{BBA2B033-00D5-4476-A576-1CD893F98854}.Debug|Any CPU.ActiveCfg = Debug|Any CPU
		{BBA2B033-00D5-4476-A576-1CD893F98854}.Debug|Any CPU.Build.0 = Debug|Any CPU
		{BBA2B033-00D5-4476-A576-1CD893F98854}.Release|Any CPU.ActiveCfg = Release|Any CPU
		{BBA2B033-00D5-4476-A576-1CD893F98854}.Release|Any CPU.Build.0 = Release|Any CPU
	EndGlobalSection
	GlobalSection(SolutionProperties) = preSolution
		HideSolutionNode = FALSE
	EndGlobalSection
	GlobalSection(ExtensibilityGlobals) = postSolution
		SolutionGuid = {5CE93D9A-F9C9-41B4-A768-0CBF42776212}
	EndGlobalSection
EndGlobal
